
Microsoft Visual Studio Solution File, Format Version 12.00
# Visual Studio Version 16
VisualStudioVersion = 16.0.31205.134
MinimumVisualStudioVersion = 10.0.40219.1
Project("{FAE04EC0-301F-11D3-BF4B-00C04F79EFBC}") = "v0520", "v0520\v0520.csproj", "{0305DCDB-C0E8-4465-A039-61EB1AA0CE20}"
EndProject
Global
	GlobalSection(SolutionConfigurationPlatforms) = preSolution
		Debug|Any CPU = Debug|Any CPU
		Release|Any CPU = Release|Any CPU
	EndGlobalSection
	GlobalSection(ProjectConfigurationPlatforms) = postSolution
		{0305DCDB-C0E8-4465-A039-61EB1AA0CE20}.Debug|Any CPU.ActiveCfg = Debug|Any CPU
		{0305DCDB-C0E8-4465-A039-61EB1AA0CE20}.Debug|Any CPU.Build.0 = Debug|Any CPU
		{0305DCDB-C0E8-4465-A039-61EB1AA0CE20}.Release|Any CPU.ActiveCfg = Release|Any CPU
		{0305DCDB-C0E8-4465-A039-61EB1AA0CE20}.Release|Any CPU.Build.0 = Release|Any CPU
	EndGlobalSection
	GlobalSection(SolutionProperties) = preSolution
		HideSolutionNode = FALSE
	EndGlobalSection
	GlobalSection(ExtensibilityGlobals) = postSolution
		SolutionGuid = {D5C7928D-112C-4FD2-A42D-D3AB7D4EF4BE}
	EndGlobalSection
EndGlobal
